
Microsoft Visual Studio Solution File, Format Version 12.00
# Visual Studio Version 17
VisualStudioVersion = 17.7.34018.315
MinimumVisualStudioVersion = 10.0.40219.1
Project("{FAE04EC0-301F-11D3-BF4B-00C04F79EFBC}") = "JMRIReader", "JMRIReader\JMRIReader.csproj", "{35F34CD9-E9BA-4376-BA55-3E324A74DFA7}"
EndProject
Project("{FAE04EC0-301F-11D3-BF4B-00C04F79EFBC}") = "JMRIDebugOutput", "JMRIDebugOutput\JMRIDebugOutput.csproj", "{2ED11AC4-D855-4AC7-AAD6-A476E5F3CF5C}"
EndProject
Project("{FAE04EC0-301F-11D3-BF4B-00C04F79EFBC}") = "LayoutMonitor", "LayoutMonitor\LayoutMonitor.csproj", "{D7C24858-783A-40C1-910E-4F7F959FA3EC}"
EndProject
Project("{FAE04EC0-301F-11D3-BF4B-00C04F79EFBC}") = "Shuttler", "Shuttler\Shuttler.csproj", "{2F8B2F87-4B45-4E7A-85B0-625665E65E56}"
EndProject
Project("{FAE04EC0-301F-11D3-BF4B-00C04F79EFBC}") = "WiThrottleClient", "WiiThrottleClient\WiThrottleClient.csproj", "{A8094D8F-15D7-40B6-A1F8-424463E59A84}"
EndProject
Project("{FAE04EC0-301F-11D3-BF4B-00C04F79EFBC}") = "JMRITurnoutSetter", "JMRITurnoutSetter\JMRITurnoutSetter.csproj", "{5D91C456-EC33-4572-855F-854D58904951}"
EndProject
Global
	GlobalSection(SolutionConfigurationPlatforms) = preSolution
		Debug|Any CPU = Debug|Any CPU
		Release|Any CPU = Release|Any CPU
	EndGlobalSection
	GlobalSection(ProjectConfigurationPlatforms) = postSolution
		{35F34CD9-E9BA-4376-BA55-3E324A74DFA7}.Debug|Any CPU.ActiveCfg = Debug|Any CPU
		{35F34CD9-E9BA-4376-BA55-3E324A74DFA7}.Debug|Any CPU.Build.0 = Debug|Any CPU
		{35F34CD9-E9BA-4376-BA55-3E324A74DFA7}.Release|Any CPU.ActiveCfg = Release|Any CPU
		{35F34CD9-E9BA-4376-BA55-3E324A74DFA7}.Release|Any CPU.Build.0 = Release|Any CPU
		{2ED11AC4-D855-4AC7-AAD6-A476E5F3CF5C}.Debug|Any CPU.ActiveCfg = Debug|Any CPU
		{2ED11AC4-D855-4AC7-AAD6-A476E5F3CF5C}.Debug|Any CPU.Build.0 = Debug|Any CPU
		{2ED11AC4-D855-4AC7-AAD6-A476E5F3CF5C}.Release|Any CPU.ActiveCfg = Release|Any CPU
		{2ED11AC4-D855-4AC7-AAD6-A476E5F3CF5C}.Release|Any CPU.Build.0 = Release|Any CPU
		{D7C24858-783A-40C1-910E-4F7F959FA3EC}.Debug|Any CPU.ActiveCfg = Debug|Any CPU
		{D7C24858-783A-40C1-910E-4F7F959FA3EC}.Debug|Any CPU.Build.0 = Debug|Any CPU
		{D7C24858-783A-40C1-910E-4F7F959FA3EC}.Release|Any CPU.ActiveCfg = Release|Any CPU
		{D7C24858-783A-40C1-910E-4F7F959FA3EC}.Release|Any CPU.Build.0 = Release|Any CPU
		{2F8B2F87-4B45-4E7A-85B0-625665E65E56}.Debug|Any CPU.ActiveCfg = Debug|Any CPU
		{2F8B2F87-4B45-4E7A-85B0-625665E65E56}.Debug|Any CPU.Build.0 = Debug|Any CPU
		{2F8B2F87-4B45-4E7A-85B0-625665E65E56}.Release|Any CPU.ActiveCfg = Release|Any CPU
		{2F8B2F87-4B45-4E7A-85B0-625665E65E56}.Release|Any CPU.Build.0 = Release|Any CPU
		{A8094D8F-15D7-40B6-A1F8-424463E59A84}.Debug|Any CPU.ActiveCfg = Debug|Any CPU
		{A8094D8F-15D7-40B6-A1F8-424463E59A84}.Debug|Any CPU.Build.0 = Debug|Any CPU
		{A8094D8F-15D7-40B6-A1F8-424463E59A84}.Release|Any CPU.ActiveCfg = Release|Any CPU
		{A8094D8F-15D7-40B6-A1F8-424463E59A84}.Release|Any CPU.Build.0 = Release|Any CPU
		{5D91C456-EC33-4572-855F-854D58904951}.Debug|Any CPU.ActiveCfg = Debug|Any CPU
		{5D91C456-EC33-4572-855F-854D58904951}.Debug|Any CPU.Build.0 = Debug|Any CPU
		{5D91C456-EC33-4572-855F-854D58904951}.Release|Any CPU.ActiveCfg = Release|Any CPU
		{5D91C456-EC33-4572-855F-854D58904951}.Release|Any CPU.Build.0 = Release|Any CPU
	EndGlobalSection
	GlobalSection(SolutionProperties) = preSolution
		HideSolutionNode = FALSE
	EndGlobalSection
	GlobalSection(ExtensibilityGlobals) = postSolution
		SolutionGuid = {F0F3DA23-9B3D-40B1-A088-C7D9D9D6C497}
	EndGlobalSection
EndGlobal
